
Microsoft Visual Studio Solution File, Format Version 12.00
# Visual Studio Version 17
VisualStudioVersion = 17.0.31903.59
MinimumVisualStudioVersion = 10.0.40219.1
Project("{2150E333-8FDC-42A3-9474-1A3956D46DE8}") = "Library", "Library", "{4275878F-2749-4F19-9B89-F547194140B4}"
EndProject
Project("{FAE04EC0-301F-11D3-BF4B-00C04F79EFBC}") = "library", "Library\library\library.csproj", "{A8976456-5E38-4EAB-8476-459AB32A818F}"
EndProject
Global
	GlobalSection(SolutionConfigurationPlatforms) = preSolution
		Debug|Any CPU = Debug|Any CPU
		Release|Any CPU = Release|Any CPU
	EndGlobalSection
	GlobalSection(SolutionProperties) = preSolution
		HideSolutionNode = FALSE
	EndGlobalSection
	GlobalSection(ProjectConfigurationPlatforms) = postSolution
		{A8976456-5E38-4EAB-8476-459AB32A818F}.Debug|Any CPU.ActiveCfg = Debug|Any CPU
		{A8976456-5E38-4EAB-8476-459AB32A818F}.Debug|Any CPU.Build.0 = Debug|Any CPU
		{A8976456-5E38-4EAB-8476-459AB32A818F}.Release|Any CPU.ActiveCfg = Release|Any CPU
		{A8976456-5E38-4EAB-8476-459AB32A818F}.Release|Any CPU.Build.0 = Release|Any CPU
	EndGlobalSection
	GlobalSection(NestedProjects) = preSolution
		{A8976456-5E38-4EAB-8476-459AB32A818F} = {4275878F-2749-4F19-9B89-F547194140B4}
	EndGlobalSection
EndGlobal
