
Microsoft Visual Studio Solution File, Format Version 12.00
# Visual Studio Version 16
VisualStudioVersion = 25.0.1706.14
MinimumVisualStudioVersion = 10.0.40219.1
Project("{FAE04EC0-301F-11D3-BF4B-00C04F79EFBC}") = "Tekrar", "Tekrar\Tekrar.csproj", "{7B1CC639-E457-4BFC-9EB2-EC9AA520E2A8}"
EndProject
Project("{FAE04EC0-301F-11D3-BF4B-00C04F79EFBC}") = "Tekrar_2", "Tekrar_2\Tekrar_2.csproj", "{369645C0-FD82-4A38-ABAC-14596BB9C945}"
EndProject
Project("{FAE04EC0-301F-11D3-BF4B-00C04F79EFBC}") = "Tekrar_3", "Tekrar_3\Tekrar_3.csproj", "{6537BD86-8C5B-48A0-8578-DE05AC4B18D8}"
EndProject
Global
	GlobalSection(SolutionConfigurationPlatforms) = preSolution
		Debug|Any CPU = Debug|Any CPU
		Release|Any CPU = Release|Any CPU
	EndGlobalSection
	GlobalSection(ProjectConfigurationPlatforms) = postSolution
		{7B1CC639-E457-4BFC-9EB2-EC9AA520E2A8}.Debug|Any CPU.ActiveCfg = Debug|Any CPU
		{7B1CC639-E457-4BFC-9EB2-EC9AA520E2A8}.Debug|Any CPU.Build.0 = Debug|Any CPU
		{7B1CC639-E457-4BFC-9EB2-EC9AA520E2A8}.Release|Any CPU.ActiveCfg = Release|Any CPU
		{7B1CC639-E457-4BFC-9EB2-EC9AA520E2A8}.Release|Any CPU.Build.0 = Release|Any CPU
		{369645C0-FD82-4A38-ABAC-14596BB9C945}.Debug|Any CPU.ActiveCfg = Debug|Any CPU
		{369645C0-FD82-4A38-ABAC-14596BB9C945}.Debug|Any CPU.Build.0 = Debug|Any CPU
		{369645C0-FD82-4A38-ABAC-14596BB9C945}.Release|Any CPU.ActiveCfg = Release|Any CPU
		{369645C0-FD82-4A38-ABAC-14596BB9C945}.Release|Any CPU.Build.0 = Release|Any CPU
		{6537BD86-8C5B-48A0-8578-DE05AC4B18D8}.Debug|Any CPU.ActiveCfg = Debug|Any CPU
		{6537BD86-8C5B-48A0-8578-DE05AC4B18D8}.Debug|Any CPU.Build.0 = Debug|Any CPU
		{6537BD86-8C5B-48A0-8578-DE05AC4B18D8}.Release|Any CPU.ActiveCfg = Release|Any CPU
		{6537BD86-8C5B-48A0-8578-DE05AC4B18D8}.Release|Any CPU.Build.0 = Release|Any CPU
	EndGlobalSection
	GlobalSection(SolutionProperties) = preSolution
		HideSolutionNode = FALSE
	EndGlobalSection
	GlobalSection(ExtensibilityGlobals) = postSolution
		SolutionGuid = {2B8AB2DA-DEA9-49C0-B27F-71B1EE8555B4}
	EndGlobalSection
EndGlobal
